
Microsoft Visual Studio Solution File, Format Version 12.00
# Visual Studio Version 16
VisualStudioVersion = 16.0.31105.61
MinimumVisualStudioVersion = 10.0.40219.1
Project("{9A19103F-16F7-4668-BE54-9A1E7A4F7556}") = "TinProject.Main", "TinProject\TinProject.Main.csproj", "{38B5E183-22A7-4575-86CA-8ECCBD4C53A4}"
EndProject
Project("{9A19103F-16F7-4668-BE54-9A1E7A4F7556}") = "TinProject.Core", "TinProject.Core\TinProject.Core.csproj", "{2F95303E-8A25-4DFD-A5A4-A36047925985}"
EndProject
Project("{9A19103F-16F7-4668-BE54-9A1E7A4F7556}") = "TinProject.Infrastructure", "TinProject.Infrastructure\TinProject.Infrastructure.csproj", "{D6AEB5BC-6A1E-442B-ACC0-1640F6CB305D}"
EndProject
Project("{E24C65DC-7377-472B-9ABA-BC803B73C61A}") = "TinProjectApp", "TinProjectApp\", "{C34DFBC3-93F5-49CD-801F-D96EFDCD5733}"
	ProjectSection(WebsiteProperties) = preProject
		TargetFrameworkMoniker = ".NETFramework,Version%3Dv4.0"
		Debug.AspNetCompiler.VirtualPath = "/localhost_58445"
		Debug.AspNetCompiler.PhysicalPath = "TinProjectApp\"
		Debug.AspNetCompiler.TargetPath = "PrecompiledWeb\localhost_58445\"
		Debug.AspNetCompiler.Updateable = "true"
		Debug.AspNetCompiler.ForceOverwrite = "true"
		Debug.AspNetCompiler.FixedNames = "false"
		Debug.AspNetCompiler.Debug = "True"
		Release.AspNetCompiler.VirtualPath = "/localhost_58445"
		Release.AspNetCompiler.PhysicalPath = "TinProjectApp\"
		Release.AspNetCompiler.TargetPath = "PrecompiledWeb\localhost_58445\"
		Release.AspNetCompiler.Updateable = "true"
		Release.AspNetCompiler.ForceOverwrite = "true"
		Release.AspNetCompiler.FixedNames = "false"
		Release.AspNetCompiler.Debug = "False"
		VWDPort = "58445"
		SlnRelativePath = "TinProjectApp\"
	EndProjectSection
EndProject
Global
	GlobalSection(SolutionConfigurationPlatforms) = preSolution
		Debug|Any CPU = Debug|Any CPU
		Release|Any CPU = Release|Any CPU
	EndGlobalSection
	GlobalSection(ProjectConfigurationPlatforms) = postSolution
		{38B5E183-22A7-4575-86CA-8ECCBD4C53A4}.Debug|Any CPU.ActiveCfg = Debug|Any CPU
		{38B5E183-22A7-4575-86CA-8ECCBD4C53A4}.Debug|Any CPU.Build.0 = Debug|Any CPU
		{38B5E183-22A7-4575-86CA-8ECCBD4C53A4}.Release|Any CPU.ActiveCfg = Release|Any CPU
		{38B5E183-22A7-4575-86CA-8ECCBD4C53A4}.Release|Any CPU.Build.0 = Release|Any CPU
		{2F95303E-8A25-4DFD-A5A4-A36047925985}.Debug|Any CPU.ActiveCfg = Debug|Any CPU
		{2F95303E-8A25-4DFD-A5A4-A36047925985}.Debug|Any CPU.Build.0 = Debug|Any CPU
		{2F95303E-8A25-4DFD-A5A4-A36047925985}.Release|Any CPU.ActiveCfg = Release|Any CPU
		{2F95303E-8A25-4DFD-A5A4-A36047925985}.Release|Any CPU.Build.0 = Release|Any CPU
		{D6AEB5BC-6A1E-442B-ACC0-1640F6CB305D}.Debug|Any CPU.ActiveCfg = Debug|Any CPU
		{D6AEB5BC-6A1E-442B-ACC0-1640F6CB305D}.Debug|Any CPU.Build.0 = Debug|Any CPU
		{D6AEB5BC-6A1E-442B-ACC0-1640F6CB305D}.Release|Any CPU.ActiveCfg = Release|Any CPU
		{D6AEB5BC-6A1E-442B-ACC0-1640F6CB305D}.Release|Any CPU.Build.0 = Release|Any CPU
		{C34DFBC3-93F5-49CD-801F-D96EFDCD5733}.Debug|Any CPU.ActiveCfg = Debug|Any CPU
		{C34DFBC3-93F5-49CD-801F-D96EFDCD5733}.Debug|Any CPU.Build.0 = Debug|Any CPU
		{C34DFBC3-93F5-49CD-801F-D96EFDCD5733}.Release|Any CPU.ActiveCfg = Debug|Any CPU
		{C34DFBC3-93F5-49CD-801F-D96EFDCD5733}.Release|Any CPU.Build.0 = Debug|Any CPU
	EndGlobalSection
	GlobalSection(SolutionProperties) = preSolution
		HideSolutionNode = FALSE
	EndGlobalSection
	GlobalSection(ExtensibilityGlobals) = postSolution
		SolutionGuid = {5A819DAA-99B4-4819-885E-515A599165A9}
	EndGlobalSection
EndGlobal
